
Microsoft Visual Studio Solution File, Format Version 12.00
# Visual Studio 14
VisualStudioVersion = 14.0.23107.0
MinimumVisualStudioVersion = 10.0.40219.1
Project("{FAE04EC0-301F-11D3-BF4B-00C04F79EFBC}") = "DI.Web.Ex01", "DI.Web.Ex01\DI.Web.Ex01.csproj", "{7AD7EBE3-8C95-4F50-8E26-C37495FB7BF7}"
EndProject
Project("{FAE04EC0-301F-11D3-BF4B-00C04F79EFBC}") = "DI.Web.Ex02", "DI.Web.EX02\DI.Web.Ex02.csproj", "{3FF7F8DE-20C4-4D4E-9905-56012B0167E6}"
EndProject
Project("{FAE04EC0-301F-11D3-BF4B-00C04F79EFBC}") = "DI.Web.Ex03", "DI.Web.Ex03\DI.Web.Ex03.csproj", "{F86E3EF2-53A6-48B1-9EFD-9992B0D6FE81}"
EndProject
Project("{FAE04EC0-301F-11D3-BF4B-00C04F79EFBC}") = "DI.Web.Ex05", "DI.Web.Ex05\DI.Web.Ex05.csproj", "{61FD5D2A-0132-44FF-9261-EAE0DA274ED8}"
EndProject
Project("{FAE04EC0-301F-11D3-BF4B-00C04F79EFBC}") = "DI.Web.Ex06", "DI.Web.Ex06\DI.Web.Ex06.csproj", "{1D9C5532-D1A4-4C91-8AC4-CA7BE5919742}"
EndProject
Project("{FAE04EC0-301F-11D3-BF4B-00C04F79EFBC}") = "DI.Web.Ex07", "DI.Web.Ex07\DI.Web.Ex07.csproj", "{4788EBF4-73FD-46DF-86BE-A3D1E83314AB}"
EndProject
Project("{FAE04EC0-301F-11D3-BF4B-00C04F79EFBC}") = "DI.Web.Ex08", "DI.Web.Ex08\DI.Web.Ex08.csproj", "{57F69457-6789-4D42-B0F5-E09062A0C726}"
EndProject
Project("{FAE04EC0-301F-11D3-BF4B-00C04F79EFBC}") = "DI.Web.Ex09", "DI.Web.Ex09\DI.Web.Ex09.csproj", "{4ADBAE47-90F4-4EA9-BB5B-9ED93021215F}"
EndProject
Project("{FAE04EC0-301F-11D3-BF4B-00C04F79EFBC}") = "DI.Web.Ex04", "DI.Web.Ex04\DI.Web.Ex04.csproj", "{6DAF3C83-607E-4905-8C36-A84A80E4C34D}"
EndProject
Project("{FAE04EC0-301F-11D3-BF4B-00C04F79EFBC}") = "DI.Web.Ex09.Tests", "DI.Web.Ex09.Tests\DI.Web.Ex09.Tests.csproj", "{3EF0CFF6-55C3-4D42-AFDE-DB8A61228152}"
EndProject
Global
	GlobalSection(SolutionConfigurationPlatforms) = preSolution
		Debug|Any CPU = Debug|Any CPU
		Release|Any CPU = Release|Any CPU
	EndGlobalSection
	GlobalSection(ProjectConfigurationPlatforms) = postSolution
		{7AD7EBE3-8C95-4F50-8E26-C37495FB7BF7}.Debug|Any CPU.ActiveCfg = Debug|Any CPU
		{7AD7EBE3-8C95-4F50-8E26-C37495FB7BF7}.Debug|Any CPU.Build.0 = Debug|Any CPU
		{7AD7EBE3-8C95-4F50-8E26-C37495FB7BF7}.Release|Any CPU.ActiveCfg = Release|Any CPU
		{7AD7EBE3-8C95-4F50-8E26-C37495FB7BF7}.Release|Any CPU.Build.0 = Release|Any CPU
		{3FF7F8DE-20C4-4D4E-9905-56012B0167E6}.Debug|Any CPU.ActiveCfg = Debug|Any CPU
		{3FF7F8DE-20C4-4D4E-9905-56012B0167E6}.Debug|Any CPU.Build.0 = Debug|Any CPU
		{3FF7F8DE-20C4-4D4E-9905-56012B0167E6}.Release|Any CPU.ActiveCfg = Release|Any CPU
		{3FF7F8DE-20C4-4D4E-9905-56012B0167E6}.Release|Any CPU.Build.0 = Release|Any CPU
		{F86E3EF2-53A6-48B1-9EFD-9992B0D6FE81}.Debug|Any CPU.ActiveCfg = Debug|Any CPU
		{F86E3EF2-53A6-48B1-9EFD-9992B0D6FE81}.Debug|Any CPU.Build.0 = Debug|Any CPU
		{F86E3EF2-53A6-48B1-9EFD-9992B0D6FE81}.Release|Any CPU.ActiveCfg = Release|Any CPU
		{F86E3EF2-53A6-48B1-9EFD-9992B0D6FE81}.Release|Any CPU.Build.0 = Release|Any CPU
		{61FD5D2A-0132-44FF-9261-EAE0DA274ED8}.Debug|Any CPU.ActiveCfg = Debug|Any CPU
		{61FD5D2A-0132-44FF-9261-EAE0DA274ED8}.Debug|Any CPU.Build.0 = Debug|Any CPU
		{61FD5D2A-0132-44FF-9261-EAE0DA274ED8}.Release|Any CPU.ActiveCfg = Release|Any CPU
		{61FD5D2A-0132-44FF-9261-EAE0DA274ED8}.Release|Any CPU.Build.0 = Release|Any CPU
		{1D9C5532-D1A4-4C91-8AC4-CA7BE5919742}.Debug|Any CPU.ActiveCfg = Debug|Any CPU
		{1D9C5532-D1A4-4C91-8AC4-CA7BE5919742}.Debug|Any CPU.Build.0 = Debug|Any CPU
		{1D9C5532-D1A4-4C91-8AC4-CA7BE5919742}.Release|Any CPU.ActiveCfg = Release|Any CPU
		{1D9C5532-D1A4-4C91-8AC4-CA7BE5919742}.Release|Any CPU.Build.0 = Release|Any CPU
		{4788EBF4-73FD-46DF-86BE-A3D1E83314AB}.Debug|Any CPU.ActiveCfg = Debug|Any CPU
		{4788EBF4-73FD-46DF-86BE-A3D1E83314AB}.Debug|Any CPU.Build.0 = Debug|Any CPU
		{4788EBF4-73FD-46DF-86BE-A3D1E83314AB}.Release|Any CPU.ActiveCfg = Release|Any CPU
		{4788EBF4-73FD-46DF-86BE-A3D1E83314AB}.Release|Any CPU.Build.0 = Release|Any CPU
		{57F69457-6789-4D42-B0F5-E09062A0C726}.Debug|Any CPU.ActiveCfg = Debug|Any CPU
		{57F69457-6789-4D42-B0F5-E09062A0C726}.Debug|Any CPU.Build.0 = Debug|Any CPU
		{57F69457-6789-4D42-B0F5-E09062A0C726}.Release|Any CPU.ActiveCfg = Release|Any CPU
		{57F69457-6789-4D42-B0F5-E09062A0C726}.Release|Any CPU.Build.0 = Release|Any CPU
		{4ADBAE47-90F4-4EA9-BB5B-9ED93021215F}.Debug|Any CPU.ActiveCfg = Debug|Any CPU
		{4ADBAE47-90F4-4EA9-BB5B-9ED93021215F}.Debug|Any CPU.Build.0 = Debug|Any CPU
		{4ADBAE47-90F4-4EA9-BB5B-9ED93021215F}.Release|Any CPU.ActiveCfg = Release|Any CPU
		{4ADBAE47-90F4-4EA9-BB5B-9ED93021215F}.Release|Any CPU.Build.0 = Release|Any CPU
		{6DAF3C83-607E-4905-8C36-A84A80E4C34D}.Debug|Any CPU.ActiveCfg = Debug|Any CPU
		{6DAF3C83-607E-4905-8C36-A84A80E4C34D}.Debug|Any CPU.Build.0 = Debug|Any CPU
		{6DAF3C83-607E-4905-8C36-A84A80E4C34D}.Release|Any CPU.ActiveCfg = Release|Any CPU
		{6DAF3C83-607E-4905-8C36-A84A80E4C34D}.Release|Any CPU.Build.0 = Release|Any CPU
		{3EF0CFF6-55C3-4D42-AFDE-DB8A61228152}.Debug|Any CPU.ActiveCfg = Debug|Any CPU
		{3EF0CFF6-55C3-4D42-AFDE-DB8A61228152}.Debug|Any CPU.Build.0 = Debug|Any CPU
		{3EF0CFF6-55C3-4D42-AFDE-DB8A61228152}.Release|Any CPU.ActiveCfg = Release|Any CPU
		{3EF0CFF6-55C3-4D42-AFDE-DB8A61228152}.Release|Any CPU.Build.0 = Release|Any CPU
	EndGlobalSection
	GlobalSection(SolutionProperties) = preSolution
		HideSolutionNode = FALSE
	EndGlobalSection
EndGlobal
